{
  "name": "3mos-intern-full-stack",
  "lockfileVersion": 3,
  "requires": true,
  "packages": {
    "": {
      "devDependencies": {
        "baseline-browser-mapping": "^2.9.8"
      }
    },
    "node_modules/baseline-browser-mapping": {
      "version": "2.9.8",
      "resolved": "https://registry.npmjs.org/baseline-browser-mapping/-/baseline-browser-mapping-2.9.8.tgz",
      "integrity": "sha512-Y1fOuNDowLfgKOypdc9SPABfoWXuZHBOyCS4cD52IeZBhr4Md6CLLs6atcxVrzRmQ06E7hSlm5bHHApPKR/byA==",
      "dev": true,
      "license": "Apache-2.0",
      "bin": {
        "baseline-browser-mapping": "dist/cli.js"
      }
    }
  }
}
